
Microsoft Visual Studio Solution File, Format Version 12.00
# Visual Studio Version 17
VisualStudioVersion = 17.13.36105.23 d17.13
MinimumVisualStudioVersion = 10.0.40219.1
Project("{FAE04EC0-301F-11D3-BF4B-00C04F79EFBC}") = "DemoFluxor", "DemoFluxor\DemoFluxor.csproj", "{D554334A-F86F-4C6B-B096-2726BEE5A53A}"
EndProject
Global
	GlobalSection(SolutionConfigurationPlatforms) = preSolution
		Debug|Any CPU = Debug|Any CPU
		Release|Any CPU = Release|Any CPU
	EndGlobalSection
	GlobalSection(ProjectConfigurationPlatforms) = postSolution
		{D554334A-F86F-4C6B-B096-2726BEE5A53A}.Debug|Any CPU.ActiveCfg = Debug|Any CPU
		{D554334A-F86F-4C6B-B096-2726BEE5A53A}.Debug|Any CPU.Build.0 = Debug|Any CPU
		{D554334A-F86F-4C6B-B096-2726BEE5A53A}.Release|Any CPU.ActiveCfg = Release|Any CPU
		{D554334A-F86F-4C6B-B096-2726BEE5A53A}.Release|Any CPU.Build.0 = Release|Any CPU
	EndGlobalSection
	GlobalSection(SolutionProperties) = preSolution
		HideSolutionNode = FALSE
	EndGlobalSection
	GlobalSection(ExtensibilityGlobals) = postSolution
		SolutionGuid = {0B077052-DBC8-440A-A03C-57A4A66813C8}
	EndGlobalSection
EndGlobal
